github.com/aaaton/golem/v4 v4.0.0/go.mod h1:OfK/S5v9Exsx1yO21WorREuIVV+Y5K2hygP0A9oJCCI=
github.com/aaaton/golem/v4 v4.0.1 h1:jvnnTmzdfZC8cUGIo6obIcnmB3stTaf5Uw64OMx3C84=
github.com/aaaton/golem/v4 v4.0.1/go.mod h1:OfK/S5v9Exsx1yO21WorREuIVV+Y5K2hygP0A9oJCCI=
github.com/aaaton/golem/v4/dicts/ru v0.0.0-20221121100719-34023a0c192d h1:ifSDxtF0ndc+uDcWjJWs+CfzdOvjtO2/xaMd1YJo8xY=
github.com/aaaton/golem/v4/dicts/ru v0.0.0-20221121100719-34023a0c192d/go.mod h1:n14MqOgbLBidXRIvLw9H3/vFyE4+PcjVxYOu05f55R4=
github.com/agnivade/levenshtein v1.2.0 h1:U9L4IOT0Y3i0TIlUIDJ7rVUziKi/zPbrJGaFrtYH3SY=
github.com/agnivade/levenshtein v1.2.0/go.mod h1:QVVI16kDrtSuwcpd0p1+xMC6Z/VfhtCyDIjcwga4/DU=
github.com/arbovm/levenshtein v0.0.0-20160628152529-48b4e1c0c4d0 h1:jfIu9sQUG6Ig+0+Ap1h4unLjW6YQJpKZVmUzxsD4E/Q=
github.com/arbovm/levenshtein v0.0.0-20160628152529-48b4e1c0c4d0/go.mod h1:t2tdKJDJF9BV14lnkjHmOQgcvEKgtqs5a1N3LNdJhGE=
github.com/dgryski/trifles v0.0.0-20230903005119-f50d829f2e54 h1:SG7nF6SRlWhcT7cNTs5R6Hk4V2lcmLz2NsG2VnInyNo=
github.com/dgryski/trifles v0.0.0-20230903005119-f50d829f2e54/go.mod h1:if7Fbed8SFyPtHLHbg49SI7NAdJiC5WIA09pe59rfAA=
github.com/go-telegram/bot v1.9.1 h1:4vkNV6vDmEPZaYP7sZYaagOaJyV4GerfOPkjg/Ki5ic=
github.com/go-telegram/bot v1.9.1/go.mod h1:i2TRs7fXWIeaceF3z7KzsMt/he0TwkVC680mvdTFYeM=
